
Microsoft Visual Studio Solution File, Format Version 12.00
Project("{FAE04EC0-301F-11D3-BF4B-00C04F79EFBC}") = "Storage.Web", "Storage.Web\Storage.Web.csproj", "{EC7F132C-24BE-416F-8D66-5F708D8597F6}"
EndProject
Project("{FAE04EC0-301F-11D3-BF4B-00C04F79EFBC}") = "StorageWeb.Tests", "StorageWeb.Tests\StorageWeb.Tests.csproj", "{44E66D52-CA12-46BE-AD80-75070ED4DCFE}"
EndProject
Global
	GlobalSection(SolutionConfigurationPlatforms) = preSolution
		Debug|Any CPU = Debug|Any CPU
		Release|Any CPU = Release|Any CPU
	EndGlobalSection
	GlobalSection(ProjectConfigurationPlatforms) = postSolution
		{EC7F132C-24BE-416F-8D66-5F708D8597F6}.Debug|Any CPU.ActiveCfg = Debug|Any CPU
		{EC7F132C-24BE-416F-8D66-5F708D8597F6}.Debug|Any CPU.Build.0 = Debug|Any CPU
		{EC7F132C-24BE-416F-8D66-5F708D8597F6}.Release|Any CPU.ActiveCfg = Release|Any CPU
		{EC7F132C-24BE-416F-8D66-5F708D8597F6}.Release|Any CPU.Build.0 = Release|Any CPU
		{44E66D52-CA12-46BE-AD80-75070ED4DCFE}.Debug|Any CPU.ActiveCfg = Debug|Any CPU
		{44E66D52-CA12-46BE-AD80-75070ED4DCFE}.Debug|Any CPU.Build.0 = Debug|Any CPU
		{44E66D52-CA12-46BE-AD80-75070ED4DCFE}.Release|Any CPU.ActiveCfg = Release|Any CPU
		{44E66D52-CA12-46BE-AD80-75070ED4DCFE}.Release|Any CPU.Build.0 = Release|Any CPU
	EndGlobalSection
EndGlobal
